
Microsoft Visual Studio Solution File, Format Version 12.00
# Visual Studio Version 17
VisualStudioVersion = 17.0.31611.283
MinimumVisualStudioVersion = 10.0.40219.1
Project("{9A19103F-16F7-4668-BE54-9A1E7A4F7556}") = "ParsPOS", "ParsPOS\ParsPOS.csproj", "{20182DAB-DD65-4299-AC6F-01CED93BAEA5}"
EndProject
Project("{9A19103F-16F7-4668-BE54-9A1E7A4F7556}") = "PARSPOSAPI", "PARSPOSAPI\PARSPOSAPI.csproj", "{0622C3B1-5CD4-4479-9999-5D09940C84B0}"
EndProject
Project("{9A19103F-16F7-4668-BE54-9A1E7A4F7556}") = "PARSAcc", "PARAcc\PARSAcc.csproj", "{22D104FB-9A4A-4ED7-980E-DB02BBA36B7C}"
EndProject
Project("{9A19103F-16F7-4668-BE54-9A1E7A4F7556}") = "PARSAcc.Model", "PARSAcc.Model\PARSAcc.Model.csproj", "{F3B2F41E-63AA-42CB-9C18-85431FFB20C4}"
EndProject
Project("{9A19103F-16F7-4668-BE54-9A1E7A4F7556}") = "PARSAcc.Services", "PARSAcc.Services\PARSAcc.Services.csproj", "{965B3564-40BF-4FC9-A7B8-B3369ABEADAA}"
EndProject
Project("{FAE04EC0-301F-11D3-BF4B-00C04F79EFBC}") = "ParsVanSale", "ParsVanSale\ParsVanSale.csproj", "{3885D6DE-AF2B-44BF-ABD8-F8FEBC7128E8}"
EndProject
Global
	GlobalSection(SolutionConfigurationPlatforms) = preSolution
		Debug|Any CPU = Debug|Any CPU
		Release|Any CPU = Release|Any CPU
	EndGlobalSection
	GlobalSection(ProjectConfigurationPlatforms) = postSolution
		{20182DAB-DD65-4299-AC6F-01CED93BAEA5}.Debug|Any CPU.ActiveCfg = Debug|Any CPU
		{20182DAB-DD65-4299-AC6F-01CED93BAEA5}.Debug|Any CPU.Build.0 = Debug|Any CPU
		{20182DAB-DD65-4299-AC6F-01CED93BAEA5}.Debug|Any CPU.Deploy.0 = Debug|Any CPU
		{20182DAB-DD65-4299-AC6F-01CED93BAEA5}.Release|Any CPU.ActiveCfg = Release|Any CPU
		{20182DAB-DD65-4299-AC6F-01CED93BAEA5}.Release|Any CPU.Build.0 = Release|Any CPU
		{20182DAB-DD65-4299-AC6F-01CED93BAEA5}.Release|Any CPU.Deploy.0 = Release|Any CPU
		{0622C3B1-5CD4-4479-9999-5D09940C84B0}.Debug|Any CPU.ActiveCfg = Debug|Any CPU
		{0622C3B1-5CD4-4479-9999-5D09940C84B0}.Debug|Any CPU.Build.0 = Debug|Any CPU
		{0622C3B1-5CD4-4479-9999-5D09940C84B0}.Release|Any CPU.ActiveCfg = Release|Any CPU
		{0622C3B1-5CD4-4479-9999-5D09940C84B0}.Release|Any CPU.Build.0 = Release|Any CPU
		{22D104FB-9A4A-4ED7-980E-DB02BBA36B7C}.Debug|Any CPU.ActiveCfg = Debug|Any CPU
		{22D104FB-9A4A-4ED7-980E-DB02BBA36B7C}.Debug|Any CPU.Build.0 = Debug|Any CPU
		{22D104FB-9A4A-4ED7-980E-DB02BBA36B7C}.Release|Any CPU.ActiveCfg = Release|Any CPU
		{22D104FB-9A4A-4ED7-980E-DB02BBA36B7C}.Release|Any CPU.Build.0 = Release|Any CPU
		{F3B2F41E-63AA-42CB-9C18-85431FFB20C4}.Debug|Any CPU.ActiveCfg = Debug|Any CPU
		{F3B2F41E-63AA-42CB-9C18-85431FFB20C4}.Debug|Any CPU.Build.0 = Debug|Any CPU
		{F3B2F41E-63AA-42CB-9C18-85431FFB20C4}.Release|Any CPU.ActiveCfg = Release|Any CPU
		{F3B2F41E-63AA-42CB-9C18-85431FFB20C4}.Release|Any CPU.Build.0 = Release|Any CPU
		{965B3564-40BF-4FC9-A7B8-B3369ABEADAA}.Debug|Any CPU.ActiveCfg = Debug|Any CPU
		{965B3564-40BF-4FC9-A7B8-B3369ABEADAA}.Debug|Any CPU.Build.0 = Debug|Any CPU
		{965B3564-40BF-4FC9-A7B8-B3369ABEADAA}.Release|Any CPU.ActiveCfg = Release|Any CPU
		{965B3564-40BF-4FC9-A7B8-B3369ABEADAA}.Release|Any CPU.Build.0 = Release|Any CPU
		{3885D6DE-AF2B-44BF-ABD8-F8FEBC7128E8}.Debug|Any CPU.ActiveCfg = Debug|Any CPU
		{3885D6DE-AF2B-44BF-ABD8-F8FEBC7128E8}.Debug|Any CPU.Build.0 = Debug|Any CPU
		{3885D6DE-AF2B-44BF-ABD8-F8FEBC7128E8}.Debug|Any CPU.Deploy.0 = Debug|Any CPU
		{3885D6DE-AF2B-44BF-ABD8-F8FEBC7128E8}.Release|Any CPU.ActiveCfg = Release|Any CPU
		{3885D6DE-AF2B-44BF-ABD8-F8FEBC7128E8}.Release|Any CPU.Build.0 = Release|Any CPU
		{3885D6DE-AF2B-44BF-ABD8-F8FEBC7128E8}.Release|Any CPU.Deploy.0 = Release|Any CPU
	EndGlobalSection
	GlobalSection(SolutionProperties) = preSolution
		HideSolutionNode = FALSE
	EndGlobalSection
	GlobalSection(ExtensibilityGlobals) = postSolution
		SolutionGuid = {61F7FB11-1E47-470C-91E2-47F8143E1572}
	EndGlobalSection
EndGlobal
